{
  "object": {
    "pins": [
      {
        "package": "AnyCodable",
        "repositoryURL": "https://github.com/Flight-School/AnyCodable",
        "state": {
          "branch": null,
          "revision": "11423ef0c756e8a1f6b4bb576dab9d97bc016c70",
          "version": "0.6.4"
        }
      }
    ]
  },
  "version": 1
}
